// !$*UTF8*$!
{
	archiveVersion = 1;
	classes = {
	};
	objectVersion = 50;
	objects = {

/* Begin PBXBuildFile section */
		9C9A9798238E141E007DEFF9 /* AppDelegate.swift in Sources */ = {isa = PBXBuildFile; fileRef = 9C9A9797238E141E007DEFF9 /* AppDelegate.swift */; };
		9C9A979A238E141E007DEFF9 /* SceneDelegate.swift in Sources */ = {isa = PBXBuildFile; fileRef = 9C9A9799238E141E007DEFF9 /* SceneDelegate.swift */; };
		9C9A979C238E141E007DEFF9 /* ViewController.swift in Sources */ = {isa = PBXBuildFile; fileRef = 9C9A979B238E141E007DEFF9 /* ViewController.swift */; };
		9C9A979F238E141E007DEFF9 /* Main.storyboard in Resources */ = {isa = PBXBuildFile; fileRef = 9C9A979D238E141E007DEFF9 /* Main.storyboard */; };
		9C9A97A1238E1424007DEFF9 /* Assets.xcassets in Resources */ = {isa = PBXBuildFile; fileRef = 9C9A97A0238E1424007DEFF9 /* Assets.xcassets */; };
		9C9A97A4238E1424007DEFF9 /* LaunchScreen.storyboard in Resources */ = {isa = PBXBuildFile; fileRef = 9C9A97A2238E1424007DEFF9 /* LaunchScreen.storyboard */; };
		9C9A97AF238E1424007DEFF9 /* WorkOutAppTests.swift in Sources */ = {isa = PBXBuildFile; fileRef = 9C9A97AE238E1424007DEFF9 /* WorkOutAppTests.swift */; };
		9C9A97BA238E1424007DEFF9 /* WorkOutAppUITests.swift in Sources */ = {isa = PBXBuildFile; fileRef = 9C9A97B9238E1424007DEFF9 /* WorkOutAppUITests.swift */; };
		9C9A97C8238E30C9007DEFF9 /* VideoCell.swift in Sources */ = {isa = PBXBuildFile; fileRef = 9C9A97C7238E30C8007DEFF9 /* VideoCell.swift */; };
		9C9A97CA238E31E3007DEFF9 /* Video.swift in Sources */ = {isa = PBXBuildFile; fileRef = 9C9A97C9238E31E3007DEFF9 /* Video.swift */; };
		9CE98D1E23A8F9A30058D598 /* video1.mp4 in Resources */ = {isa = PBXBuildFile; fileRef = 9CE98D1D23A8F9A30058D598 /* video1.mp4 */; };
		A8BC88BB239A586300402BA9 /* CameraController.swift in Sources */ = {isa = PBXBuildFile; fileRef = A8BC88BA239A586300402BA9 /* CameraController.swift */; };
		A8F2082123A91281004E0204 /* iOSDevCenters+GIF.swift in Sources */ = {isa = PBXBuildFile; fileRef = A8F2082023A91281004E0204 /* iOSDevCenters+GIF.swift */; };
		A8F2082323A9166A004E0204 /* tenor.gif in Resources */ = {isa = PBXBuildFile; fileRef = A8F2082223A9166A004E0204 /* tenor.gif */; };
/* End PBXBuildFile section */

/* Begin PBXContainerItemProxy section */
		9C9A97AB238E1424007DEFF9 /* PBXContainerItemProxy */ = {
			isa = PBXContainerItemProxy;
			containerPortal = 9C9A978C238E141E007DEFF9 /* Project object */;
			proxyType = 1;
			remoteGlobalIDString = 9C9A9793238E141E007DEFF9;
			remoteInfo = WorkOutApp;
		};
		9C9A97B6238E1424007DEFF9 /* PBXContainerItemProxy */ = {
			isa = PBXContainerItemProxy;
			containerPortal = 9C9A978C238E141E007DEFF9 /* Project object */;
			proxyType = 1;
			remoteGlobalIDString = 9C9A9793238E141E007DEFF9;
			remoteInfo = WorkOutApp;
		};
/* End PBXContainerItemProxy section */

/* Begin PBXFileReference section */
		9C9A9794238E141E007DEFF9 /* WorkOutApp.app */ = {isa = PBXFileReference; explicitFileType = wrapper.application; includeInIndex = 0; path = WorkOutApp.app; sourceTree = BUILT_PRODUCTS_DIR; };
		9C9A9797238E141E007DEFF9 /* AppDelegate.swift */ = {isa = PBXFileReference; lastKnownFileType = sourcecode.swift; path = AppDelegate.swift; sourceTree = "<group>"; };
		9C9A9799238E141E007DEFF9 /* SceneDelegate.swift */ = {isa = PBXFileReference; lastKnownFileType = sourcecode.swift; path = SceneDelegate.swift; sourceTree = "<group>"; };
		9C9A979B238E141E007DEFF9 /* ViewController.swift */ = {isa = PBXFileReference; lastKnownFileType = sourcecode.swift; path = ViewController.swift; sourceTree = "<group>"; };
		9C9A979E238E141E007DEFF9 /* Base */ = {isa = PBXFileReference; lastKnownFileType = file.storyboard; name = Base; path = Base.lproj/Main.storyboard; sourceTree = "<group>"; };
		9C9A97A0238E1424007DEFF9 /* Assets.xcassets */ = {isa = PBXFileReference; lastKnownFileType = folder.assetcatalog; path = Assets.xcassets; sourceTree = "<group>"; };
		9C9A97A3238E1424007DEFF9 /* Base */ = {isa = PBXFileReference; lastKnownFileType = file.storyboard; name = Base; path = Base.lproj/LaunchScreen.storyboard; sourceTree = "<group>"; };
		9C9A97A5238E1424007DEFF9 /* Info.plist */ = {isa = PBXFileReference; lastKnownFileType = text.plist.xml; path = Info.plist; sourceTree = "<group>"; };
		9C9A97AA238E1424007DEFF9 /* WorkOutAppTests.xctest */ = {isa = PBXFileReference; explicitFileType = wrapper.cfbundle; includeInIndex = 0; path = WorkOutAppTests.xctest; sourceTree = BUILT_PRODUCTS_DIR; };
		9C9A97AE238E1424007DEFF9 /* WorkOutAppTests.swift */ = {isa = PBXFileReference; lastKnownFileType = sourcecode.swift; path = WorkOutAppTests.swift; sourceTree = "<group>"; };
		9C9A97B0238E1424007DEFF9 /* Info.plist */ = {isa = PBXFileReference; lastKnownFileType = text.plist.xml; path = Info.plist; sourceTree = "<group>"; };
		9C9A97B5238E1424007DEFF9 /* WorkOutAppUITests.xctest */ = {isa = PBXFileReference; explicitFileType = wrapper.cfbundle; includeInIndex = 0; path = WorkOutAppUITests.xctest; sourceTree = BUILT_PRODUCTS_DIR; };
		9C9A97B9238E1424007DEFF9 /* WorkOutAppUITests.swift */ = {isa = PBXFileReference; lastKnownFileType = sourcecode.swift; path = WorkOutAppUITests.swift; sourceTree = "<group>"; };
		9C9A97BB238E1424007DEFF9 /* Info.plist */ = {isa = PBXFileReference; lastKnownFileType = text.plist.xml; path = Info.plist; sourceTree = "<group>"; };
		9C9A97C7238E30C8007DEFF9 /* VideoCell.swift */ = {isa = PBXFileReference; lastKnownFileType = sourcecode.swift; path = VideoCell.swift; sourceTree = "<group>"; };
		9C9A97C9238E31E3007DEFF9 /* Video.swift */ = {isa = PBXFileReference; lastKnownFileType = sourcecode.swift; path = Video.swift; sourceTree = "<group>"; };
		9CE98D1D23A8F9A30058D598 /* video1.mp4 */ = {isa = PBXFileReference; lastKnownFileType = file; path = video1.mp4; sourceTree = "<group>"; };
		A8BC88BA239A586300402BA9 /* CameraController.swift */ = {isa = PBXFileReference; lastKnownFileType = sourcecode.swift; path = CameraController.swift; sourceTree = "<group>"; };
		A8F2082023A91281004E0204 /* iOSDevCenters+GIF.swift */ = {isa = PBXFileReference; lastKnownFileType = sourcecode.swift; path = "iOSDevCenters+GIF.swift"; sourceTree = "<group>"; };
		A8F2082223A9166A004E0204 /* tenor.gif */ = {isa = PBXFileReference; lastKnownFileType = image.gif; path = tenor.gif; sourceTree = "<group>"; };
/* End PBXFileReference section */

/* Begin PBXFrameworksBuildPhase section */
		9C9A9791238E141E007DEFF9 /* Frameworks */ = {
			isa = PBXFrameworksBuildPhase;
			buildActionMask = 2147483647;
			files = (
			);
			runOnlyForDeploymentPostprocessing = 0;
		};
		9C9A97A7238E1424007DEFF9 /* Frameworks */ = {
			isa = PBXFrameworksBuildPhase;
			buildActionMask = 2147483647;
			files = (
			);
			runOnlyForDeploymentPostprocessing = 0;
		};
		9C9A97B2238E1424007DEFF9 /* Frameworks */ = {
			isa = PBXFrameworksBuildPhase;
			buildActionMask = 2147483647;
			files = (
			);
			runOnlyForDeploymentPostprocessing = 0;
		};
/* End PBXFrameworksBuildPhase section */

/* Begin PBXGroup section */
		9C9A978B238E141E007DEFF9 = {
			isa = PBXGroup;
			children = (
				A8F2082223A9166A004E0204 /* tenor.gif */,
				9CE98D1D23A8F9A30058D598 /* video1.mp4 */,
				9C9A9796238E141E007DEFF9 /* WorkOutApp */,
				9C9A97AD238E1424007DEFF9 /* WorkOutAppTests */,
				9C9A97B8238E1424007DEFF9 /* WorkOutAppUITests */,
				9C9A9795238E141E007DEFF9 /* Products */,
			);
			sourceTree = "<group>";
		};
		9C9A9795238E141E007DEFF9 /* Products */ = {
			isa = PBXGroup;
			children = (
				9C9A9794238E141E007DEFF9 /* WorkOutApp.app */,
				9C9A97AA238E1424007DEFF9 /* WorkOutAppTests.xctest */,
				9C9A97B5238E1424007DEFF9 /* WorkOutAppUITests.xctest */,
			);
			name = Products;
			sourceTree = "<group>";
		};
		9C9A9796238E141E007DEFF9 /* WorkOutApp */ = {
			isa = PBXGroup;
			children = (
				9C9A9797238E141E007DEFF9 /* AppDelegate.swift */,
				9C9A9799238E141E007DEFF9 /* SceneDelegate.swift */,
				9C9A979B238E141E007DEFF9 /* ViewController.swift */,
				A8BC88BA239A586300402BA9 /* CameraController.swift */,
				A8F2082023A91281004E0204 /* iOSDevCenters+GIF.swift */,
				9C9A979D238E141E007DEFF9 /* Main.storyboard */,
				9C9A97A0238E1424007DEFF9 /* Assets.xcassets */,
				9C9A97A2238E1424007DEFF9 /* LaunchScreen.storyboard */,
				9C9A97A5238E1424007DEFF9 /* Info.plist */,
				9C9A97C7238E30C8007DEFF9 /* VideoCell.swift */,
				9C9A97C9238E31E3007DEFF9 /* Video.swift */,
			);
			path = WorkOutApp;
			sourceTree = "<group>";
		};
		9C9A97AD238E1424007DEFF9 /* WorkOutAppTests */ = {
			isa = PBXGroup;
			children = (
				9C9A97AE238E1424007DEFF9 /* WorkOutAppTests.swift */,
				9C9A97B0238E1424007DEFF9 /* Info.plist */,
			);
			path = WorkOutAppTests;
			sourceTree = "<group>";
		};
		9C9A97B8238E1424007DEFF9 /* WorkOutAppUITests */ = {
			isa = PBXGroup;
			children = (
				9C9A97B9238E1424007DEFF9 /* WorkOutAppUITests.swift */,
				9C9A97BB238E1424007DEFF9 /* Info.plist */,
			);
			path = WorkOutAppUITests;
			sourceTree = "<group>";
		};
/* End PBXGroup section */

/* Begin PBXNativeTarget section */
		9C9A9793238E141E007DEFF9 /* WorkOutApp */ = {
			isa = PBXNativeTarget;
			buildConfigurationList = 9C9A97BE238E1424007DEFF9 /* Build configuration list for PBXNativeTarget "WorkOutApp" */;
			buildPhases = (
				9C9A9790238E141E007DEFF9 /* Sources */,
				9C9A9791238E141E007DEFF9 /* Frameworks */,
				9C9A9792238E141E007DEFF9 /* Resources */,
			);
			buildRules = (
			);
			dependencies = (
			);
			name = WorkOutApp;
			productName = WorkOutApp;
			productReference = 9C9A9794238E141E007DEFF9 /* WorkOutApp.app */;
			productType = "com.apple.product-type.application";
		};
		9C9A97A9238E1424007DEFF9 /* WorkOutAppTests */ = {
			isa = PBXNativeTarget;
			buildConfigurationList = 9C9A97C1238E1424007DEFF9 /* Build configuration list for PBXNativeTarget "WorkOutAppTests" */;
			buildPhases = (
				9C9A97A6238E1424007DEFF9 /* Sources */,
				9C9A97A7238E1424007DEFF9 /* Frameworks */,
				9C9A97A8238E1424007DEFF9 /* Resources */,
			);
			buildRules = (
			);
			dependencies = (
				9C9A97AC238E1424007DEFF9 /* PBXTargetDependency */,
			);
			name = WorkOutAppTests;
			productName = WorkOutAppTests;
			productReference = 9C9A97AA238E1424007DEFF9 /* WorkOutAppTests.xctest */;
			productType = "com.apple.product-type.bundle.unit-test";
		};
		9C9A97B4238E1424007DEFF9 /* WorkOutAppUITests */ = {
			isa = PBXNativeTarget;
			buildConfigurationList = 9C9A97C4238E1424007DEFF9 /* Build configuration list for PBXNativeTarget "WorkOutAppUITests" */;
			buildPhases = (
				9C9A97B1238E1424007DEFF9 /* Sources */,
				9C9A97B2238E1424007DEFF9 /* Frameworks */,
				9C9A97B3238E1424007DEFF9 /* Resources */,
			);
			buildRules = (
			);
			dependencies = (
				9C9A97B7238E1424007DEFF9 /* PBXTargetDependency */,
			);
			name = WorkOutAppUITests;
			productName = WorkOutAppUITests;
			productReference = 9C9A97B5238E1424007DEFF9 /* WorkOutAppUITests.xctest */;
			productType = "com.apple.product-type.bundle.ui-testing";
		};
/* End PBXNativeTarget section */

/* Begin PBXProject section */
		9C9A978C238E141E007DEFF9 /* Project object */ = {
			isa = PBXProject;
			attributes = {
				LastSwiftUpdateCheck = 1120;
				LastUpgradeCheck = 1120;
				ORGANIZATIONNAME = "I CHIEN LAI";
				TargetAttributes = {
					9C9A9793238E141E007DEFF9 = {
						CreatedOnToolsVersion = 11.2.1;
					};
					9C9A97A9238E1424007DEFF9 = {
						CreatedOnToolsVersion = 11.2.1;
						TestTargetID = 9C9A9793238E141E007DEFF9;
					};
					9C9A97B4238E1424007DEFF9 = {
						CreatedOnToolsVersion = 11.2.1;
						TestTargetID = 9C9A9793238E141E007DEFF9;
					};
				};
			};
			buildConfigurationList = 9C9A978F238E141E007DEFF9 /* Build configuration list for PBXProject "WorkOutApp" */;
			compatibilityVersion = "Xcode 9.3";
			developmentRegion = en;
			hasScannedForEncodings = 0;
			knownRegions = (
				en,
				Base,
			);
			mainGroup = 9C9A978B238E141E007DEFF9;
			productRefGroup = 9C9A9795238E141E007DEFF9 /* Products */;
			projectDirPath = "";
			projectRoot = "";
			targets = (
				9C9A9793238E141E007DEFF9 /* WorkOutApp */,
				9C9A97A9238E1424007DEFF9 /* WorkOutAppTests */,
				9C9A97B4238E1424007DEFF9 /* WorkOutAppUITests */,
			);
		};
/* End PBXProject section */

/* Begin PBXResourcesBuildPhase section */
		9C9A9792238E141E007DEFF9 /* Resources */ = {
			isa = PBXResourcesBuildPhase;
			buildActionMask = 2147483647;
			files = (
				A8F2082323A9166A004E0204 /* tenor.gif in Resources */,
				9C9A97A4238E1424007DEFF9 /* LaunchScreen.storyboard in Resources */,
				9C9A97A1238E1424007DEFF9 /* Assets.xcassets in Resources */,
				9C9A979F238E141E007DEFF9 /* Main.storyboard in Resources */,
				9CE98D1E23A8F9A30058D598 /* video1.mp4 in Resources */,
			);
			runOnlyForDeploymentPostprocessing = 0;
		};
		9C9A97A8238E1424007DEFF9 /* Resources */ = {
			isa = PBXResourcesBuildPhase;
			buildActionMask = 2147483647;
			files = (
			);
			runOnlyForDeploymentPostprocessing = 0;
		};
		9C9A97B3238E1424007DEFF9 /* Resources */ = {
			isa = PBXResourcesBuildPhase;
			buildActionMask = 2147483647;
			files = (
			);
			runOnlyForDeploymentPostprocessing = 0;
		};
/* End PBXResourcesBuildPhase section */

/* Begin PBXSourcesBuildPhase section */
		9C9A9790238E141E007DEFF9 /* Sources */ = {
			isa = PBXSourcesBuildPhase;
			buildActionMask = 2147483647;
			files = (
				A8BC88BB239A586300402BA9 /* CameraController.swift in Sources */,
				9C9A979C238E141E007DEFF9 /* ViewController.swift in Sources */,
				9C9A97C8238E30C9007DEFF9 /* VideoCell.swift in Sources */,
				A8F2082123A91281004E0204 /* iOSDevCenters+GIF.swift in Sources */,
				9C9A9798238E141E007DEFF9 /* AppDelegate.swift in Sources */,
				9C9A979A238E141E007DEFF9 /* SceneDelegate.swift in Sources */,
				9C9A97CA238E31E3007DEFF9 /* Video.swift in Sources */,
			);
			runOnlyForDeploymentPostprocessing = 0;
		};
		9C9A97A6238E1424007DEFF9 /* Sources */ = {
			isa = PBXSourcesBuildPhase;
			buildActionMask = 2147483647;
			files = (
				9C9A97AF238E1424007DEFF9 /* WorkOutAppTests.swift in Sources */,
			);
			runOnlyForDeploymentPostprocessing = 0;
		};
		9C9A97B1238E1424007DEFF9 /* Sources */ = {
			isa = PBXSourcesBuildPhase;
			buildActionMask = 2147483647;
			files = (
				9C9A97BA238E1424007DEFF9 /* WorkOutAppUITests.swift in Sources */,
			);
			runOnlyForDeploymentPostprocessing = 0;
		};
/* End PBXSourcesBuildPhase section */

/* Begin PBXTargetDependency section */
		9C9A97AC238E1424007DEFF9 /* PBXTargetDependency */ = {
			isa = PBXTargetDependency;
			target = 9C9A9793238E141E007DEFF9 /* WorkOutApp */;
			targetProxy = 9C9A97AB238E1424007DEFF9 /* PBXContainerItemProxy */;
		};
		9C9A97B7238E1424007DEFF9 /* PBXTargetDependency */ = {
			isa = PBXTargetDependency;
			target = 9C9A9793238E141E007DEFF9 /* WorkOutApp */;
			targetProxy = 9C9A97B6238E1424007DEFF9 /* PBXContainerItemProxy */;
		};
/* End PBXTargetDependency section */

/* Begin PBXVariantGroup section */
		9C9A979D238E141E007DEFF9 /* Main.storyboard */ = {
			isa = PBXVariantGroup;
			children = (
				9C9A979E238E141E007DEFF9 /* Base */,
			);
			name = Main.storyboard;
			sourceTree = "<group>";
		};
		9C9A97A2238E1424007DEFF9 /* LaunchScreen.storyboard */ = {
			isa = PBXVariantGroup;
			children = (
				9C9A97A3238E1424007DEFF9 /* Base */,
			);
			name = LaunchScreen.storyboard;
			sourceTree = "<group>";
		};
/* End PBXVariantGroup section */

/* Begin XCBuildConfiguration section */
		9C9A97BC238E1424007DEFF9 /* Debug */ = {
			isa = XCBuildConfiguration;
			buildSettings = {
				ALWAYS_SEARCH_USER_PATHS = NO;
				CLANG_ANALYZER_NONNULL = YES;
				CLANG_ANALYZER_NUMBER_OBJECT_CONVERSION = YES_AGGRESSIVE;
				CLANG_CXX_LANGUAGE_STANDARD = "gnu++14";
				CLANG_CXX_LIBRARY = "libc++";
				CLANG_ENABLE_MODULES = YES;
				CLANG_ENABLE_OBJC_ARC = YES;
				CLANG_ENABLE_OBJC_WEAK = YES;
				CLANG_WARN_BLOCK_CAPTURE_AUTORELEASING = YES;
				CLANG_WARN_BOOL_CONVERSION = YES;
				CLANG_WARN_COMMA = YES;
				CLANG_WARN_CONSTANT_CONVERSION = YES;
				CLANG_WARN_DEPRECATED_OBJC_IMPLEMENTATIONS = YES;
				CLANG_WARN_DIRECT_OBJC_ISA_USAGE = YES_ERROR;
				CLANG_WARN_DOCUMENTATION_COMMENTS = YES;
				CLANG_WARN_EMPTY_BODY = YES;
				CLANG_WARN_ENUM_CONVERSION = YES;
				CLANG_WARN_INFINITE_RECURSION = YES;
				CLANG_WARN_INT_CONVERSION = YES;
				CLANG_WARN_NON_LITERAL_NULL_CONVERSION = YES;
				CLANG_WARN_OBJC_IMPLICIT_RETAIN_SELF = YES;
				CLANG_WARN_OBJC_LITERAL_CONVERSION = YES;
				CLANG_WARN_OBJC_ROOT_CLASS = YES_ERROR;
				CLANG_WARN_RANGE_LOOP_ANALYSIS = YES;
				CLANG_WARN_STRICT_PROTOTYPES = YES;
				CLANG_WARN_SUSPICIOUS_MOVE = YES;
				CLANG_WARN_UNGUARDED_AVAILABILITY = YES_AGGRESSIVE;
				CLANG_WARN_UNREACHABLE_CODE = YES;
				CLANG_WARN__DUPLICATE_METHOD_MATCH = YES;
				COPY_PHASE_STRIP = NO;
				DEBUG_INFORMATION_FORMAT = dwarf;
				ENABLE_STRICT_OBJC_MSGSEND = YES;
				ENABLE_TESTABILITY = YES;
				GCC_C_LANGUAGE_STANDARD = gnu11;
				GCC_DYNAMIC_NO_PIC = NO;
				GCC_NO_COMMON_BLOCKS = YES;
				GCC_OPTIMIZATION_LEVEL = 0;
				GCC_PREPROCESSOR_DEFINITIONS = (
					"DEBUG=1",
					"$(inherited)",
				);
				GCC_WARN_64_TO_32_BIT_CONVERSION = YES;
				GCC_WARN_ABOUT_RETURN_TYPE = YES_ERROR;
				GCC_WARN_UNDECLARED_SELECTOR = YES;
				GCC_WARN_UNINITIALIZED_AUTOS = YES_AGGRESSIVE;
				GCC_WARN_UNUSED_FUNCTION = YES;
				GCC_WARN_UNUSED_VARIABLE = YES;
				IPHONEOS_DEPLOYMENT_TARGET = 13.2;
				MTL_ENABLE_DEBUG_INFO = INCLUDE_SOURCE;
				MTL_FAST_MATH = YES;
				ONLY_ACTIVE_ARCH = YES;
				SDKROOT = iphoneos;
				SWIFT_ACTIVE_COMPILATION_CONDITIONS = DEBUG;
				SWIFT_OPTIMIZATION_LEVEL = "-Onone";
			};
			name = Debug;
		};
		9C9A97BD238E1424007DEFF9 /* Release */ = {
			isa = XCBuildConfiguration;
			buildSettings = {
				ALWAYS_SEARCH_USER_PATHS = NO;
				CLANG_ANALYZER_NONNULL = YES;
				CLANG_ANALYZER_NUMBER_OBJECT_CONVERSION = YES_AGGRESSIVE;
				CLANG_CXX_LANGUAGE_STANDARD = "gnu++14";
				CLANG_CXX_LIBRARY = "libc++";
				CLANG_ENABLE_MODULES = YES;
				CLANG_ENABLE_OBJC_ARC = YES;
				CLANG_ENABLE_OBJC_WEAK = YES;
				CLANG_WARN_BLOCK_CAPTURE_AUTORELEASING = YES;
				CLANG_WARN_BOOL_CONVERSION = YES;
				CLANG_WARN_COMMA = YES;
				CLANG_WARN_CONSTANT_CONVERSION = YES;
				CLANG_WARN_DEPRECATED_OBJC_IMPLEMENTATIONS = YES;
				CLANG_WARN_DIRECT_OBJC_ISA_USAGE = YES_ERROR;
				CLANG_WARN_DOCUMENTATION_COMMENTS = YES;
				CLANG_WARN_EMPTY_BODY = YES;
				CLANG_WARN_ENUM_CONVERSION = YES;
				CLANG_WARN_INFINITE_RECURSION = YES;
				CLANG_WARN_INT_CONVERSION = YES;
				CLANG_WARN_NON_LITERAL_NULL_CONVERSION = YES;
				CLANG_WARN_OBJC_IMPLICIT_RETAIN_SELF = YES;
				CLANG_WARN_OBJC_LITERAL_CONVERSION = YES;
				CLANG_WARN_OBJC_ROOT_CLASS = YES_ERROR;
				CLANG_WARN_RANGE_LOOP_ANALYSIS = YES;
				CLANG_WARN_STRICT_PROTOTYPES = YES;
				CLANG_WARN_SUSPICIOUS_MOVE = YES;
				CLANG_WARN_UNGUARDED_AVAILABILITY = YES_AGGRESSIVE;
				CLANG_WARN_UNREACHABLE_CODE = YES;
				CLANG_WARN__DUPLICATE_METHOD_MATCH = YES;
				COPY_PHASE_STRIP = NO;
				DEBUG_INFORMATION_FORMAT = "dwarf-with-dsym";
				ENABLE_NS_ASSERTIONS = NO;
				ENABLE_STRICT_OBJC_MSGSEND = YES;
				GCC_C_LANGUAGE_STANDARD = gnu11;
				GCC_NO_COMMON_BLOCKS = YES;
				GCC_WARN_64_TO_32_BIT_CONVERSION = YES;
				GCC_WARN_ABOUT_RETURN_TYPE = YES_ERROR;
				GCC_WARN_UNDECLARED_SELECTOR = YES;
				GCC_WARN_UNINITIALIZED_AUTOS = YES_AGGRESSIVE;
				GCC_WARN_UNUSED_FUNCTION = YES;
				GCC_WARN_UNUSED_VARIABLE = YES;
				IPHONEOS_DEPLOYMENT_TARGET = 13.2;
				MTL_ENABLE_DEBUG_INFO = NO;
				MTL_FAST_MATH = YES;
				SDKROOT = iphoneos;
				SWIFT_COMPILATION_MODE = wholemodule;
				SWIFT_OPTIMIZATION_LEVEL = "-O";
				VALIDATE_PRODUCT = YES;
			};
			name = Release;
		};
		9C9A97BF238E1424007DEFF9 /* Debug */ = {
			isa = XCBuildConfiguration;
			buildSettings = {
				ASSETCATALOG_COMPILER_APPICON_NAME = AppIcon;
				CODE_SIGN_STYLE = Automatic;
				DEVELOPMENT_TEAM = R48T285ASH;
				INFOPLIST_FILE = WorkOutApp/Info.plist;
				IPHONEOS_DEPLOYMENT_TARGET = 13.1;
				LD_RUNPATH_SEARCH_PATHS = (
					"$(inherited)",
					"@executable_path/Frameworks",
				);
				PRODUCT_BUNDLE_IDENTIFIER = isabel11.WorkOutApp;
				PRODUCT_NAME = "$(TARGET_NAME)";
				SWIFT_VERSION = 5.0;
				TARGETED_DEVICE_FAMILY = "1,2";
			};
			name = Debug;
		};
		9C9A97C0238E1424007DEFF9 /* Release */ = {
			isa = XCBuildConfiguration;
			buildSettings = {
				ASSETCATALOG_COMPILER_APPICON_NAME = AppIcon;
				CODE_SIGN_STYLE = Automatic;
				DEVELOPMENT_TEAM = R48T285ASH;
				INFOPLIST_FILE = WorkOutApp/Info.plist;
				IPHONEOS_DEPLOYMENT_TARGET = 13.1;
				LD_RUNPATH_SEARCH_PATHS = (
					"$(inherited)",
					"@executable_path/Frameworks",
				);
				PRODUCT_BUNDLE_IDENTIFIER = isabel11.WorkOutApp;
				PRODUCT_NAME = "$(TARGET_NAME)";
				SWIFT_VERSION = 5.0;
				TARGETED_DEVICE_FAMILY = "1,2";
			};
			name = Release;
		};
		9C9A97C2238E1424007DEFF9 /* Debug */ = {
			isa = XCBuildConfiguration;
			buildSettings = {
				ALWAYS_EMBED_SWIFT_STANDARD_LIBRARIES = YES;
				BUNDLE_LOADER = "$(TEST_HOST)";
				CODE_SIGN_STYLE = Automatic;
				INFOPLIST_FILE = WorkOutAppTests/Info.plist;
				IPHONEOS_DEPLOYMENT_TARGET = 13.2;
				LD_RUNPATH_SEARCH_PATHS = (
					"$(inherited)",
					"@executable_path/Frameworks",
					"@loader_path/Frameworks",
				);
				PRODUCT_BUNDLE_IDENTIFIER = isabel.WorkOutAppTests;
				PRODUCT_NAME = "$(TARGET_NAME)";
				SWIFT_VERSION = 5.0;
				TARGETED_DEVICE_FAMILY = "1,2";
				TEST_HOST = "$(BUILT_PRODUCTS_DIR)/WorkOutApp.app/WorkOutApp";
			};
			name = Debug;
		};
		9C9A97C3238E1424007DEFF9 /* Release */ = {
			isa = XCBuildConfiguration;
			buildSettings = {
				ALWAYS_EMBED_SWIFT_STANDARD_LIBRARIES = YES;
				BUNDLE_LOADER = "$(TEST_HOST)";
				CODE_SIGN_STYLE = Automatic;
				INFOPLIST_FILE = WorkOutAppTests/Info.plist;
				IPHONEOS_DEPLOYMENT_TARGET = 13.2;
				LD_RUNPATH_SEARCH_PATHS = (
					"$(inherited)",
					"@executable_path/Frameworks",
					"@loader_path/Frameworks",
				);
				PRODUCT_BUNDLE_IDENTIFIER = isabel.WorkOutAppTests;
				PRODUCT_NAME = "$(TARGET_NAME)";
				SWIFT_VERSION = 5.0;
				TARGETED_DEVICE_FAMILY = "1,2";
				TEST_HOST = "$(BUILT_PRODUCTS_DIR)/WorkOutApp.app/WorkOutApp";
			};
			name = Release;
		};
		9C9A97C5238E1424007DEFF9 /* Debug */ = {
			isa = XCBuildConfiguration;
			buildSettings = {
				ALWAYS_EMBED_SWIFT_STANDARD_LIBRARIES = YES;
				CODE_SIGN_STYLE = Automatic;
				INFOPLIST_FILE = WorkOutAppUITests/Info.plist;
				LD_RUNPATH_SEARCH_PATHS = (
					"$(inherited)",
					"@executable_path/Frameworks",
					"@loader_path/Frameworks",
				);
				PRODUCT_BUNDLE_IDENTIFIER = isabel.WorkOutAppUITests;
				PRODUCT_NAME = "$(TARGET_NAME)";
				SWIFT_VERSION = 5.0;
				TARGETED_DEVICE_FAMILY = "1,2";
				TEST_TARGET_NAME = WorkOutApp;
			};
			name = Debug;
		};
		9C9A97C6238E1424007DEFF9 /* Release */ = {
			isa = XCBuildConfiguration;
			buildSettings = {
				ALWAYS_EMBED_SWIFT_STANDARD_LIBRARIES = YES;
				CODE_SIGN_STYLE = Automatic;
				INFOPLIST_FILE = WorkOutAppUITests/Info.plist;
				LD_RUNPATH_SEARCH_PATHS = (
					"$(inherited)",
					"@executable_path/Frameworks",
					"@loader_path/Frameworks",
				);
				PRODUCT_BUNDLE_IDENTIFIER = isabel.WorkOutAppUITests;
				PRODUCT_NAME = "$(TARGET_NAME)";
				SWIFT_VERSION = 5.0;
				TARGETED_DEVICE_FAMILY = "1,2";
				TEST_TARGET_NAME = WorkOutApp;
			};
			name = Release;
		};
/* End XCBuildConfiguration section */

/* Begin XCConfigurationList section */
		9C9A978F238E141E007DEFF9 /* Build configuration list for PBXProject "WorkOutApp" */ = {
			isa = XCConfigurationList;
			buildConfigurations = (
				9C9A97BC238E1424007DEFF9 /* Debug */,
				9C9A97BD238E1424007DEFF9 /* Release */,
			);
			defaultConfigurationIsVisible = 0;
			defaultConfigurationName = Release;
		};
		9C9A97BE238E1424007DEFF9 /* Build configuration list for PBXNativeTarget "WorkOutApp" */ = {
			isa = XCConfigurationList;
			buildConfigurations = (
				9C9A97BF238E1424007DEFF9 /* Debug */,
				9C9A97C0238E1424007DEFF9 /* Release */,
			);
			defaultConfigurationIsVisible = 0;
			defaultConfigurationName = Release;
		};
		9C9A97C1238E1424007DEFF9 /* Build configuration list for PBXNativeTarget "WorkOutAppTests" */ = {
			isa = XCConfigurationList;
			buildConfigurations = (
				9C9A97C2238E1424007DEFF9 /* Debug */,
				9C9A97C3238E1424007DEFF9 /* Release */,
			);
			defaultConfigurationIsVisible = 0;
			defaultConfigurationName = Release;
		};
		9C9A97C4238E1424007DEFF9 /* Build configuration list for PBXNativeTarget "WorkOutAppUITests" */ = {
			isa = XCConfigurationList;
			buildConfigurations = (
				9C9A97C5238E1424007DEFF9 /* Debug */,
				9C9A97C6238E1424007DEFF9 /* Release */,
			);
			defaultConfigurationIsVisible = 0;
			defaultConfigurationName = Release;
		};
/* End XCConfigurationList section */
	};
	rootObject = 9C9A978C238E141E007DEFF9 /* Project object */;
}
